
Microsoft Visual Studio Solution File, Format Version 12.00
# Visual Studio Version 16
VisualStudioVersion = 16.0.31613.86
MinimumVisualStudioVersion = 10.0.40219.1
Project("{FAE04EC0-301F-11D3-BF4B-00C04F79EFBC}") = "proj1", "proj1\proj1.csproj", "{C7A0379F-4889-41E2-88C1-D838625497FA}"
EndProject
Global
	GlobalSection(SolutionConfigurationPlatforms) = preSolution
		Debug|Any CPU = Debug|Any CPU
		Release|Any CPU = Release|Any CPU
	EndGlobalSection
	GlobalSection(ProjectConfigurationPlatforms) = postSolution
		{C7A0379F-4889-41E2-88C1-D838625497FA}.Debug|Any CPU.ActiveCfg = Debug|Any CPU
		{C7A0379F-4889-41E2-88C1-D838625497FA}.Debug|Any CPU.Build.0 = Debug|Any CPU
		{C7A0379F-4889-41E2-88C1-D838625497FA}.Release|Any CPU.ActiveCfg = Release|Any CPU
		{C7A0379F-4889-41E2-88C1-D838625497FA}.Release|Any CPU.Build.0 = Release|Any CPU
	EndGlobalSection
	GlobalSection(SolutionProperties) = preSolution
		HideSolutionNode = FALSE
	EndGlobalSection
	GlobalSection(ExtensibilityGlobals) = postSolution
		SolutionGuid = {C2A11139-9795-494F-B70B-C6FEA6A94121}
	EndGlobalSection
EndGlobal
